// !$*UTF8*$!
{
	archiveVersion = 1;
	classes = {
	};
	objectVersion = 50;
	objects = {

/* Begin PBXBuildFile section */
		19520E0E21D7687400C30C98 /* AppDelegate.swift in Sources */ = {isa = PBXBuildFile; fileRef = 19520E0D21D7687400C30C98 /* AppDelegate.swift */; };
		19520E1021D7687400C30C98 /* ViewController.swift in Sources */ = {isa = PBXBuildFile; fileRef = 19520E0F21D7687400C30C98 /* ViewController.swift */; };
		19520E1321D7687400C30C98 /* Main.storyboard in Resources */ = {isa = PBXBuildFile; fileRef = 19520E1121D7687400C30C98 /* Main.storyboard */; };
		19520E1621D7687400C30C98 /* Restaurants_Booker.xcdatamodeld in Sources */ = {isa = PBXBuildFile; fileRef = 19520E1421D7687400C30C98 /* Restaurants_Booker.xcdatamodeld */; };
		19520E1821D7687D00C30C98 /* Assets.xcassets in Resources */ = {isa = PBXBuildFile; fileRef = 19520E1721D7687D00C30C98 /* Assets.xcassets */; };
		19520E1B21D7687D00C30C98 /* LaunchScreen.storyboard in Resources */ = {isa = PBXBuildFile; fileRef = 19520E1921D7687D00C30C98 /* LaunchScreen.storyboard */; };
/* End PBXBuildFile section */

/* Begin PBXFileReference section */
		19520E0A21D7687400C30C98 /* Restaurants-Booker.app */ = {isa = PBXFileReference; explicitFileType = wrapper.application; includeInIndex = 0; path = "Restaurants-Booker.app"; sourceTree = BUILT_PRODUCTS_DIR; };
		19520E0D21D7687400C30C98 /* AppDelegate.swift */ = {isa = PBXFileReference; lastKnownFileType = sourcecode.swift; path = AppDelegate.swift; sourceTree = "<group>"; };
		19520E0F21D7687400C30C98 /* ViewController.swift */ = {isa = PBXFileReference; lastKnownFileType = sourcecode.swift; path = ViewController.swift; sourceTree = "<group>"; };
		19520E1221D7687400C30C98 /* Base */ = {isa = PBXFileReference; lastKnownFileType = file.storyboard; name = Base; path = Base.lproj/Main.storyboard; sourceTree = "<group>"; };
		19520E1521D7687400C30C98 /* Restaurants_Booker.xcdatamodel */ = {isa = PBXFileReference; lastKnownFileType = wrapper.xcdatamodel; path = Restaurants_Booker.xcdatamodel; sourceTree = "<group>"; };
		19520E1721D7687D00C30C98 /* Assets.xcassets */ = {isa = PBXFileReference; lastKnownFileType = folder.assetcatalog; path = Assets.xcassets; sourceTree = "<group>"; };
		19520E1A21D7687D00C30C98 /* Base */ = {isa = PBXFileReference; lastKnownFileType = file.storyboard; name = Base; path = Base.lproj/LaunchScreen.storyboard; sourceTree = "<group>"; };
		19520E1C21D7687D00C30C98 /* Info.plist */ = {isa = PBXFileReference; lastKnownFileType = text.plist.xml; path = Info.plist; sourceTree = "<group>"; };
/* End PBXFileReference section */

/* Begin PBXFrameworksBuildPhase section */
		19520E0721D7687400C30C98 /* Frameworks */ = {
			isa = PBXFrameworksBuildPhase;
			buildActionMask = 2147483647;
			files = (
			);
			runOnlyForDeploymentPostprocessing = 0;
		};
/* End PBXFrameworksBuildPhase section */

/* Begin PBXGroup section */
		19520E0121D7687400C30C98 = {
			isa = PBXGroup;
			children = (
				19520E0C21D7687400C30C98 /* Restaurants-Booker */,
				19520E0B21D7687400C30C98 /* Products */,
			);
			sourceTree = "<group>";
		};
		19520E0B21D7687400C30C98 /* Products */ = {
			isa = PBXGroup;
			children = (
				19520E0A21D7687400C30C98 /* Restaurants-Booker.app */,
			);
			name = Products;
			sourceTree = "<group>";
		};
		19520E0C21D7687400C30C98 /* Restaurants-Booker */ = {
			isa = PBXGroup;
			children = (
				19520E0D21D7687400C30C98 /* AppDelegate.swift */,
				19520E0F21D7687400C30C98 /* ViewController.swift */,
				19520E1121D7687400C30C98 /* Main.storyboard */,
				19520E1721D7687D00C30C98 /* Assets.xcassets */,
				19520E1921D7687D00C30C98 /* LaunchScreen.storyboard */,
				19520E1C21D7687D00C30C98 /* Info.plist */,
				19520E1421D7687400C30C98 /* Restaurants_Booker.xcdatamodeld */,
			);
			path = "Restaurants-Booker";
			sourceTree = "<group>";
		};
/* End PBXGroup section */

/* Begin PBXNativeTarget section */
		19520E0921D7687400C30C98 /* Restaurants-Booker */ = {
			isa = PBXNativeTarget;
			buildConfigurationList = 19520E1F21D7687D00C30C98 /* Build configuration list for PBXNativeTarget "Restaurants-Booker" */;
			buildPhases = (
				19520E0621D7687400C30C98 /* Sources */,
				19520E0721D7687400C30C98 /* Frameworks */,
				19520E0821D7687400C30C98 /* Resources */,
			);
			buildRules = (
			);
			dependencies = (
			);
			name = "Restaurants-Booker";
			productName = "Restaurants-Booker";
			productReference = 19520E0A21D7687400C30C98 /* Restaurants-Booker.app */;
			productType = "com.apple.product-type.application";
		};
/* End PBXNativeTarget section */

/* Begin PBXProject section */
		19520E0221D7687400C30C98 /* Project object */ = {
			isa = PBXProject;
			attributes = {
				LastSwiftUpdateCheck = 1010;
				LastUpgradeCheck = 1010;
				ORGANIZATIONNAME = "MI Apps";
				TargetAttributes = {
					19520E0921D7687400C30C98 = {
						CreatedOnToolsVersion = 10.1;
					};
				};
			};
			buildConfigurationList = 19520E0521D7687400C30C98 /* Build configuration list for PBXProject "Restaurants-Booker" */;
			compatibilityVersion = "Xcode 9.3";
			developmentRegion = en;
			hasScannedForEncodings = 0;
			knownRegions = (
				en,
				Base,
			);
			mainGroup = 19520E0121D7687400C30C98;
			productRefGroup = 19520E0B21D7687400C30C98 /* Products */;
			projectDirPath = "";
			projectRoot = "";
			targets = (
				19520E0921D7687400C30C98 /* Restaurants-Booker */,
			);
		};
/* End PBXProject section */

/* Begin PBXResourcesBuildPhase section */
		19520E0821D7687400C30C98 /* Resources */ = {
			isa = PBXResourcesBuildPhase;
			buildActionMask = 2147483647;
			files = (
				19520E1B21D7687D00C30C98 /* LaunchScreen.storyboard in Resources */,
				19520E1821D7687D00C30C98 /* Assets.xcassets in Resources */,
				19520E1321D7687400C30C98 /* Main.storyboard in Resources */,
			);
			runOnlyForDeploymentPostprocessing = 0;
		};
/* End PBXResourcesBuildPhase section */

/* Begin PBXSourcesBuildPhase section */
		19520E0621D7687400C30C98 /* Sources */ = {
			isa = PBXSourcesBuildPhase;
			buildActionMask = 2147483647;
			files = (
				19520E1021D7687400C30C98 /* ViewController.swift in Sources */,
				19520E0E21D7687400C30C98 /* AppDelegate.swift in Sources */,
				19520E1621D7687400C30C98 /* Restaurants_Booker.xcdatamodeld in Sources */,
			);
			runOnlyForDeploymentPostprocessing = 0;
		};
/* End PBXSourcesBuildPhase section */

/* Begin PBXVariantGroup section */
		19520E1121D7687400C30C98 /* Main.storyboard */ = {
			isa = PBXVariantGroup;
			children = (
				19520E1221D7687400C30C98 /* Base */,
			);
			name = Main.storyboard;
			sourceTree = "<group>";
		};
		19520E1921D7687D00C30C98 /* LaunchScreen.storyboard */ = {
			isa = PBXVariantGroup;
			children = (
				19520E1A21D7687D00C30C98 /* Base */,
			);
			name = LaunchScreen.storyboard;
			sourceTree = "<group>";
		};
/* End PBXVariantGroup section */

/* Begin XCBuildConfiguration section */
		19520E1D21D7687D00C30C98 /* Debug */ = {
			isa = XCBuildConfiguration;
			buildSettings = {
				ALWAYS_SEARCH_USER_PATHS = NO;
				CLANG_ANALYZER_NONNULL = YES;
				CLANG_ANALYZER_NUMBER_OBJECT_CONVERSION = YES_AGGRESSIVE;
				CLANG_CXX_LANGUAGE_STANDARD = "gnu++14";
				CLANG_CXX_LIBRARY = "libc++";
				CLANG_ENABLE_MODULES = YES;
				CLANG_ENABLE_OBJC_ARC = YES;
				CLANG_ENABLE_OBJC_WEAK = YES;
				CLANG_WARN_BLOCK_CAPTURE_AUTORELEASING = YES;
				CLANG_WARN_BOOL_CONVERSION = YES;
				CLANG_WARN_COMMA = YES;
				CLANG_WARN_CONSTANT_CONVERSION = YES;
				CLANG_WARN_DEPRECATED_OBJC_IMPLEMENTATIONS = YES;
				CLANG_WARN_DIRECT_OBJC_ISA_USAGE = YES_ERROR;
				CLANG_WARN_DOCUMENTATION_COMMENTS = YES;
				CLANG_WARN_EMPTY_BODY = YES;
				CLANG_WARN_ENUM_CONVERSION = YES;
				CLANG_WARN_INFINITE_RECURSION = YES;
				CLANG_WARN_INT_CONVERSION = YES;
				CLANG_WARN_NON_LITERAL_NULL_CONVERSION = YES;
				CLANG_WARN_OBJC_IMPLICIT_RETAIN_SELF = YES;
				CLANG_WARN_OBJC_LITERAL_CONVERSION = YES;
				CLANG_WARN_OBJC_ROOT_CLASS = YES_ERROR;
				CLANG_WARN_RANGE_LOOP_ANALYSIS = YES;
				CLANG_WARN_STRICT_PROTOTYPES = YES;
				CLANG_WARN_SUSPICIOUS_MOVE = YES;
				CLANG_WARN_UNGUARDED_AVAILABILITY = YES_AGGRESSIVE;
				CLANG_WARN_UNREACHABLE_CODE = YES;
				CLANG_WARN__DUPLICATE_METHOD_MATCH = YES;
				CODE_SIGN_IDENTITY = "iPhone Developer";
				COPY_PHASE_STRIP = NO;
				DEBUG_INFORMATION_FORMAT = dwarf;
				ENABLE_STRICT_OBJC_MSGSEND = YES;
				ENABLE_TESTABILITY = YES;
				GCC_C_LANGUAGE_STANDARD = gnu11;
				GCC_DYNAMIC_NO_PIC = NO;
				GCC_NO_COMMON_BLOCKS = YES;
				GCC_OPTIMIZATION_LEVEL = 0;
				GCC_PREPROCESSOR_DEFINITIONS = (
					"DEBUG=1",
					"$(inherited)",
				);
				GCC_WARN_64_TO_32_BIT_CONVERSION = YES;
				GCC_WARN_ABOUT_RETURN_TYPE = YES_ERROR;
				GCC_WARN_UNDECLARED_SELECTOR = YES;
				GCC_WARN_UNINITIALIZED_AUTOS = YES_AGGRESSIVE;
				GCC_WARN_UNUSED_FUNCTION = YES;
				GCC_WARN_UNUSED_VARIABLE = YES;
				IPHONEOS_DEPLOYMENT_TARGET = 12.1;
				MTL_ENABLE_DEBUG_INFO = INCLUDE_SOURCE;
				MTL_FAST_MATH = YES;
				ONLY_ACTIVE_ARCH = YES;
				SDKROOT = iphoneos;
				SWIFT_ACTIVE_COMPILATION_CONDITIONS = DEBUG;
				SWIFT_OPTIMIZATION_LEVEL = "-Onone";
			};
			name = Debug;
		};
		19520E1E21D7687D00C30C98 /* Release */ = {
			isa = XCBuildConfiguration;
			buildSettings = {
				ALWAYS_SEARCH_USER_PATHS = NO;
				CLANG_ANALYZER_NONNULL = YES;
				CLANG_ANALYZER_NUMBER_OBJECT_CONVERSION = YES_AGGRESSIVE;
				CLANG_CXX_LANGUAGE_STANDARD = "gnu++14";
				CLANG_CXX_LIBRARY = "libc++";
				CLANG_ENABLE_MODULES = YES;
				CLANG_ENABLE_OBJC_ARC = YES;
				CLANG_ENABLE_OBJC_WEAK = YES;
				CLANG_WARN_BLOCK_CAPTURE_AUTORELEASING = YES;
				CLANG_WARN_BOOL_CONVERSION = YES;
				CLANG_WARN_COMMA = YES;
				CLANG_WARN_CONSTANT_CONVERSION = YES;
				CLANG_WARN_DEPRECATED_OBJC_IMPLEMENTATIONS = YES;
				CLANG_WARN_DIRECT_OBJC_ISA_USAGE = YES_ERROR;
				CLANG_WARN_DOCUMENTATION_COMMENTS = YES;
				CLANG_WARN_EMPTY_BODY = YES;
				CLANG_WARN_ENUM_CONVERSION = YES;
				CLANG_WARN_INFINITE_RECURSION = YES;
				CLANG_WARN_INT_CONVERSION = YES;
				CLANG_WARN_NON_LITERAL_NULL_CONVERSION = YES;
				CLANG_WARN_OBJC_IMPLICIT_RETAIN_SELF = YES;
				CLANG_WARN_OBJC_LITERAL_CONVERSION = YES;
				CLANG_WARN_OBJC_ROOT_CLASS = YES_ERROR;
				CLANG_WARN_RANGE_LOOP_ANALYSIS = YES;
				CLANG_WARN_STRICT_PROTOTYPES = YES;
				CLANG_WARN_SUSPICIOUS_MOVE = YES;
				CLANG_WARN_UNGUARDED_AVAILABILITY = YES_AGGRESSIVE;
				CLANG_WARN_UNREACHABLE_CODE = YES;
				CLANG_WARN__DUPLICATE_METHOD_MATCH = YES;
				CODE_SIGN_IDENTITY = "iPhone Developer";
				COPY_PHASE_STRIP = NO;
				DEBUG_INFORMATION_FORMAT = "dwarf-with-dsym";
				ENABLE_NS_ASSERTIONS = NO;
				ENABLE_STRICT_OBJC_MSGSEND = YES;
				GCC_C_LANGUAGE_STANDARD = gnu11;
				GCC_NO_COMMON_BLOCKS = YES;
				GCC_WARN_64_TO_32_BIT_CONVERSION = YES;
				GCC_WARN_ABOUT_RETURN_TYPE = YES_ERROR;
				GCC_WARN_UNDECLARED_SELECTOR = YES;
				GCC_WARN_UNINITIALIZED_AUTOS = YES_AGGRESSIVE;
				GCC_WARN_UNUSED_FUNCTION = YES;
				GCC_WARN_UNUSED_VARIABLE = YES;
				IPHONEOS_DEPLOYMENT_TARGET = 12.1;
				MTL_ENABLE_DEBUG_INFO = NO;
				MTL_FAST_MATH = YES;
				SDKROOT = iphoneos;
				SWIFT_COMPILATION_MODE = wholemodule;
				SWIFT_OPTIMIZATION_LEVEL = "-O";
				VALIDATE_PRODUCT = YES;
			};
			name = Release;
		};
		19520E2021D7687D00C30C98 /* Debug */ = {
			isa = XCBuildConfiguration;
			buildSettings = {
				ASSETCATALOG_COMPILER_APPICON_NAME = AppIcon;
				CODE_SIGN_STYLE = Automatic;
				DEVELOPMENT_TEAM = 5WY7K834X3;
				INFOPLIST_FILE = "Restaurants-Booker/Info.plist";
				LD_RUNPATH_SEARCH_PATHS = (
					"$(inherited)",
					"@executable_path/Frameworks",
				);
				PRODUCT_BUNDLE_IDENTIFIER = "com.Restaurants-Booker";
				PRODUCT_NAME = "$(TARGET_NAME)";
				SWIFT_VERSION = 4.2;
				TARGETED_DEVICE_FAMILY = "1,2";
			};
			name = Debug;
		};
		19520E2121D7687D00C30C98 /* Release */ = {
			isa = XCBuildConfiguration;
			buildSettings = {
				ASSETCATALOG_COMPILER_APPICON_NAME = AppIcon;
				CODE_SIGN_STYLE = Automatic;
				DEVELOPMENT_TEAM = 5WY7K834X3;
				INFOPLIST_FILE = "Restaurants-Booker/Info.plist";
				LD_RUNPATH_SEARCH_PATHS = (
					"$(inherited)",
					"@executable_path/Frameworks",
				);
				PRODUCT_BUNDLE_IDENTIFIER = "com.Restaurants-Booker";
				PRODUCT_NAME = "$(TARGET_NAME)";
				SWIFT_VERSION = 4.2;
				TARGETED_DEVICE_FAMILY = "1,2";
			};
			name = Release;
		};
/* End XCBuildConfiguration section */

/* Begin XCConfigurationList section */
		19520E0521D7687400C30C98 /* Build configuration list for PBXProject "Restaurants-Booker" */ = {
			isa = XCConfigurationList;
			buildConfigurations = (
				19520E1D21D7687D00C30C98 /* Debug */,
				19520E1E21D7687D00C30C98 /* Release */,
			);
			defaultConfigurationIsVisible = 0;
			defaultConfigurationName = Release;
		};
		19520E1F21D7687D00C30C98 /* Build configuration list for PBXNativeTarget "Restaurants-Booker" */ = {
			isa = XCConfigurationList;
			buildConfigurations = (
				19520E2021D7687D00C30C98 /* Debug */,
				19520E2121D7687D00C30C98 /* Release */,
			);
			defaultConfigurationIsVisible = 0;
			defaultConfigurationName = Release;
		};
/* End XCConfigurationList section */

/* Begin XCVersionGroup section */
		19520E1421D7687400C30C98 /* Restaurants_Booker.xcdatamodeld */ = {
			isa = XCVersionGroup;
			children = (
				19520E1521D7687400C30C98 /* Restaurants_Booker.xcdatamodel */,
			);
			currentVersion = 19520E1521D7687400C30C98 /* Restaurants_Booker.xcdatamodel */;
			path = Restaurants_Booker.xcdatamodeld;
			sourceTree = "<group>";
			versionGroupType = wrapper.xcdatamodel;
		};
/* End XCVersionGroup section */
	};
	rootObject = 19520E0221D7687400C30C98 /* Project object */;
}
